{
  "requires": true,
  "lockfileVersion": 1,
  "dependencies": {
    "@types/extjs": {
      "version": "4.2.32",
      "resolved": "https://registry.npmjs.org/@types/extjs/-/extjs-4.2.32.tgz",
      "integrity": "sha512-EhI711vKfV563zhlLixKlV1EkERmP1r4D7RpC9tvinsbccQwYoEITweLPxc9BYGcfVQmgmMSlyKoWsiBIeRBrQ=="
    },
    "@types/jquery": {
      "version": "3.3.1",
      "resolved": "https://registry.npmjs.org/@types/jquery/-/jquery-3.3.1.tgz",
      "integrity": "sha512-N3h+rzN518yl2xKrW0o6KKdNmWZ+OwG6SoM5TBEQFF0tTv5wXPEsoOuYQ2Kt3/89XbcSZUJLdjiT/2c3BR/ApQ=="
    },
    "@types/microsoft-ajax": {
      "version": "0.0.33",
      "resolved": "https://registry.npmjs.org/@types/microsoft-ajax/-/microsoft-ajax-0.0.33.tgz",
      "integrity": "sha512-R31YIw2FUZsx62yzH1LX9+SV0xCxRn+r6FpYhaEKHAms+3zozMYZZvsJO+I3za+wlE/z03PrePGgCO1rxv7dUg=="
    }
  }
}
