
Microsoft Visual Studio Solution File, Format Version 12.00
# Visual Studio 15
VisualStudioVersion = 15.0.25920.0
MinimumVisualStudioVersion = 10.0.40219.1
Project("{2150E333-8FDC-42A3-9474-1A3956D46DE8}") = "Solution Items", "Solution Items", "{CC40098D-04F2-4F43-B5CF-B74F74351761}"
	ProjectSection(SolutionItems) = preProject
		MiniProfiler.EF6.nuspec = MiniProfiler.EF6.nuspec
		MiniProfiler.MongoDb.nuspec = MiniProfiler.MongoDb.nuspec
		MiniProfiler.MVC4.nuspec = MiniProfiler.MVC4.nuspec
		MiniProfiler.nuspec = MiniProfiler.nuspec
		MiniProfiler.Raven.nuspec = MiniProfiler.Raven.nuspec
	EndProjectSection
EndProject
Project("{9A19103F-16F7-4668-BE54-9A1E7A4F7556}") = "MiniProfiler", "src\MiniProfiler\MiniProfiler.csproj", "{386222BD-6B6E-480F-A342-8DE1AB516E2C}"
EndProject
Project("{FAE04EC0-301F-11D3-BF4B-00C04F79EFBC}") = "Sample.Mvc", "samples\Sample.Mvc\Sample.Mvc.csproj", "{5D54F88D-4C79-4EAB-B7B7-C8DE78F5DDA7}"
EndProject
Project("{9A19103F-16F7-4668-BE54-9A1E7A4F7556}") = "MiniProfiler.Tests", "tests\MiniProfiler.Tests\MiniProfiler.Tests.csproj", "{B4CA8022-257B-4893-97D8-76E05EBBAAB0}"
EndProject
Project("{9A19103F-16F7-4668-BE54-9A1E7A4F7556}") = "MiniProfiler.EntityFramework", "src\MiniProfiler.EntityFramework\MiniProfiler.EntityFramework.csproj", "{4DFA7AD2-FCAE-44DB-AF5C-F26ABA93DBDC}"
EndProject
Project("{9A19103F-16F7-4668-BE54-9A1E7A4F7556}") = "Sample.Console", "samples\Sample.Console\Sample.Console.csproj", "{58DA79DE-F30B-4068-BEE9-013C9360CD74}"
EndProject
Project("{9A19103F-16F7-4668-BE54-9A1E7A4F7556}") = "MiniProfiler.Mvc", "src\MiniProfiler.Mvc\MiniProfiler.Mvc.csproj", "{074BCD84-3E44-4140-9918-C09FCBEEC09F}"
EndProject
Project("{9A19103F-16F7-4668-BE54-9A1E7A4F7556}") = "MiniProfiler.RavenDb", "src\MiniProfiler.RavenDb\MiniProfiler.RavenDb.csproj", "{5176CF64-E00D-423F-9341-A8999A774B24}"
EndProject
Project("{9A19103F-16F7-4668-BE54-9A1E7A4F7556}") = "MiniProfiler.Shared", "src\MiniProfiler.Shared\MiniProfiler.Shared.csproj", "{BA40A569-BEE2-4E39-80A7-763BC15A9077}"
EndProject
Project("{9A19103F-16F7-4668-BE54-9A1E7A4F7556}") = "MiniProfiler.Providers.SqlServer", "src\MiniProfiler.Providers.SqlServer\MiniProfiler.Providers.SqlServer.csproj", "{D240FC79-651F-4107-95EC-30702AE610DB}"
EndProject
Project("{9A19103F-16F7-4668-BE54-9A1E7A4F7556}") = "MiniProfiler.Providers.SqlServerCe", "src\MiniProfiler.Providers.SqlServerCe\MiniProfiler.Providers.SqlServerCe.csproj", "{0C9A1AA9-F25F-41DF-AF57-7B7B3EBF13DA}"
EndProject
Global
	GlobalSection(SolutionConfigurationPlatforms) = preSolution
		Debug|Any CPU = Debug|Any CPU
		Debug|x64 = Debug|x64
		Debug|x86 = Debug|x86
		Release|Any CPU = Release|Any CPU
		Release|x64 = Release|x64
		Release|x86 = Release|x86
		ReleaseNuGet|Any CPU = ReleaseNuGet|Any CPU
		ReleaseNuGet|x64 = ReleaseNuGet|x64
		ReleaseNuGet|x86 = ReleaseNuGet|x86
	EndGlobalSection
	GlobalSection(ProjectConfigurationPlatforms) = postSolution
		{386222BD-6B6E-480F-A342-8DE1AB516E2C}.Debug|Any CPU.ActiveCfg = Debug|Any CPU
		{386222BD-6B6E-480F-A342-8DE1AB516E2C}.Debug|Any CPU.Build.0 = Debug|Any CPU
		{386222BD-6B6E-480F-A342-8DE1AB516E2C}.Debug|x64.ActiveCfg = Debug|Any CPU
		{386222BD-6B6E-480F-A342-8DE1AB516E2C}.Debug|x64.Build.0 = Debug|Any CPU
		{386222BD-6B6E-480F-A342-8DE1AB516E2C}.Debug|x86.ActiveCfg = Debug|Any CPU
		{386222BD-6B6E-480F-A342-8DE1AB516E2C}.Debug|x86.Build.0 = Debug|Any CPU
		{386222BD-6B6E-480F-A342-8DE1AB516E2C}.Release|Any CPU.ActiveCfg = Release|Any CPU
		{386222BD-6B6E-480F-A342-8DE1AB516E2C}.Release|Any CPU.Build.0 = Release|Any CPU
		{386222BD-6B6E-480F-A342-8DE1AB516E2C}.Release|x64.ActiveCfg = Release|Any CPU
		{386222BD-6B6E-480F-A342-8DE1AB516E2C}.Release|x64.Build.0 = Release|Any CPU
		{386222BD-6B6E-480F-A342-8DE1AB516E2C}.Release|x86.ActiveCfg = Release|Any CPU
		{386222BD-6B6E-480F-A342-8DE1AB516E2C}.Release|x86.Build.0 = Release|Any CPU
		{386222BD-6B6E-480F-A342-8DE1AB516E2C}.ReleaseNuGet|Any CPU.ActiveCfg = Release|Any CPU
		{386222BD-6B6E-480F-A342-8DE1AB516E2C}.ReleaseNuGet|Any CPU.Build.0 = Release|Any CPU
		{386222BD-6B6E-480F-A342-8DE1AB516E2C}.ReleaseNuGet|x64.ActiveCfg = Release|Any CPU
		{386222BD-6B6E-480F-A342-8DE1AB516E2C}.ReleaseNuGet|x64.Build.0 = Release|Any CPU
		{386222BD-6B6E-480F-A342-8DE1AB516E2C}.ReleaseNuGet|x86.ActiveCfg = Release|Any CPU
		{386222BD-6B6E-480F-A342-8DE1AB516E2C}.ReleaseNuGet|x86.Build.0 = Release|Any CPU
		{5D54F88D-4C79-4EAB-B7B7-C8DE78F5DDA7}.Debug|Any CPU.ActiveCfg = Release|Any CPU
		{5D54F88D-4C79-4EAB-B7B7-C8DE78F5DDA7}.Debug|Any CPU.Build.0 = Release|Any CPU
		{5D54F88D-4C79-4EAB-B7B7-C8DE78F5DDA7}.Debug|x64.ActiveCfg = Release|Any CPU
		{5D54F88D-4C79-4EAB-B7B7-C8DE78F5DDA7}.Debug|x64.Build.0 = Release|Any CPU
		{5D54F88D-4C79-4EAB-B7B7-C8DE78F5DDA7}.Debug|x86.ActiveCfg = Release|Any CPU
		{5D54F88D-4C79-4EAB-B7B7-C8DE78F5DDA7}.Debug|x86.Build.0 = Release|Any CPU
		{5D54F88D-4C79-4EAB-B7B7-C8DE78F5DDA7}.Release|Any CPU.ActiveCfg = Release|Any CPU
		{5D54F88D-4C79-4EAB-B7B7-C8DE78F5DDA7}.Release|Any CPU.Build.0 = Release|Any CPU
		{5D54F88D-4C79-4EAB-B7B7-C8DE78F5DDA7}.Release|x64.ActiveCfg = Release|Any CPU
		{5D54F88D-4C79-4EAB-B7B7-C8DE78F5DDA7}.Release|x64.Build.0 = Release|Any CPU
		{5D54F88D-4C79-4EAB-B7B7-C8DE78F5DDA7}.Release|x86.ActiveCfg = Release|Any CPU
		{5D54F88D-4C79-4EAB-B7B7-C8DE78F5DDA7}.Release|x86.Build.0 = Release|Any CPU
		{5D54F88D-4C79-4EAB-B7B7-C8DE78F5DDA7}.ReleaseNuGet|Any CPU.ActiveCfg = Release|Any CPU
		{5D54F88D-4C79-4EAB-B7B7-C8DE78F5DDA7}.ReleaseNuGet|x64.ActiveCfg = Release|Any CPU
		{5D54F88D-4C79-4EAB-B7B7-C8DE78F5DDA7}.ReleaseNuGet|x64.Build.0 = Release|Any CPU
		{5D54F88D-4C79-4EAB-B7B7-C8DE78F5DDA7}.ReleaseNuGet|x86.ActiveCfg = Release|Any CPU
		{5D54F88D-4C79-4EAB-B7B7-C8DE78F5DDA7}.ReleaseNuGet|x86.Build.0 = Release|Any CPU
		{B4CA8022-257B-4893-97D8-76E05EBBAAB0}.Debug|Any CPU.ActiveCfg = Debug|Any CPU
		{B4CA8022-257B-4893-97D8-76E05EBBAAB0}.Debug|Any CPU.Build.0 = Debug|Any CPU
		{B4CA8022-257B-4893-97D8-76E05EBBAAB0}.Debug|x64.ActiveCfg = Debug|Any CPU
		{B4CA8022-257B-4893-97D8-76E05EBBAAB0}.Debug|x64.Build.0 = Debug|Any CPU
		{B4CA8022-257B-4893-97D8-76E05EBBAAB0}.Debug|x86.ActiveCfg = Debug|Any CPU
		{B4CA8022-257B-4893-97D8-76E05EBBAAB0}.Debug|x86.Build.0 = Debug|Any CPU
		{B4CA8022-257B-4893-97D8-76E05EBBAAB0}.Release|Any CPU.ActiveCfg = Release|Any CPU
		{B4CA8022-257B-4893-97D8-76E05EBBAAB0}.Release|Any CPU.Build.0 = Release|Any CPU
		{B4CA8022-257B-4893-97D8-76E05EBBAAB0}.Release|x64.ActiveCfg = Release|Any CPU
		{B4CA8022-257B-4893-97D8-76E05EBBAAB0}.Release|x64.Build.0 = Release|Any CPU
		{B4CA8022-257B-4893-97D8-76E05EBBAAB0}.Release|x86.ActiveCfg = Release|Any CPU
		{B4CA8022-257B-4893-97D8-76E05EBBAAB0}.Release|x86.Build.0 = Release|Any CPU
		{B4CA8022-257B-4893-97D8-76E05EBBAAB0}.ReleaseNuGet|Any CPU.ActiveCfg = Release|Any CPU
		{B4CA8022-257B-4893-97D8-76E05EBBAAB0}.ReleaseNuGet|Any CPU.Build.0 = Release|Any CPU
		{B4CA8022-257B-4893-97D8-76E05EBBAAB0}.ReleaseNuGet|x64.ActiveCfg = Release|Any CPU
		{B4CA8022-257B-4893-97D8-76E05EBBAAB0}.ReleaseNuGet|x64.Build.0 = Release|Any CPU
		{B4CA8022-257B-4893-97D8-76E05EBBAAB0}.ReleaseNuGet|x86.ActiveCfg = Release|Any CPU
		{B4CA8022-257B-4893-97D8-76E05EBBAAB0}.ReleaseNuGet|x86.Build.0 = Release|Any CPU
		{4DFA7AD2-FCAE-44DB-AF5C-F26ABA93DBDC}.Debug|Any CPU.ActiveCfg = Debug|Any CPU
		{4DFA7AD2-FCAE-44DB-AF5C-F26ABA93DBDC}.Debug|Any CPU.Build.0 = Debug|Any CPU
		{4DFA7AD2-FCAE-44DB-AF5C-F26ABA93DBDC}.Debug|x64.ActiveCfg = Debug|x64
		{4DFA7AD2-FCAE-44DB-AF5C-F26ABA93DBDC}.Debug|x64.Build.0 = Debug|x64
		{4DFA7AD2-FCAE-44DB-AF5C-F26ABA93DBDC}.Debug|x86.ActiveCfg = Debug|x86
		{4DFA7AD2-FCAE-44DB-AF5C-F26ABA93DBDC}.Debug|x86.Build.0 = Debug|x86
		{4DFA7AD2-FCAE-44DB-AF5C-F26ABA93DBDC}.Release|Any CPU.ActiveCfg = Release|Any CPU
		{4DFA7AD2-FCAE-44DB-AF5C-F26ABA93DBDC}.Release|Any CPU.Build.0 = Release|Any CPU
		{4DFA7AD2-FCAE-44DB-AF5C-F26ABA93DBDC}.Release|x64.ActiveCfg = Release|x64
		{4DFA7AD2-FCAE-44DB-AF5C-F26ABA93DBDC}.Release|x64.Build.0 = Release|x64
		{4DFA7AD2-FCAE-44DB-AF5C-F26ABA93DBDC}.Release|x86.ActiveCfg = Release|x86
		{4DFA7AD2-FCAE-44DB-AF5C-F26ABA93DBDC}.Release|x86.Build.0 = Release|x86
		{4DFA7AD2-FCAE-44DB-AF5C-F26ABA93DBDC}.ReleaseNuGet|Any CPU.ActiveCfg = Release|Any CPU
		{4DFA7AD2-FCAE-44DB-AF5C-F26ABA93DBDC}.ReleaseNuGet|Any CPU.Build.0 = Release|Any CPU
		{4DFA7AD2-FCAE-44DB-AF5C-F26ABA93DBDC}.ReleaseNuGet|x64.ActiveCfg = Release|x64
		{4DFA7AD2-FCAE-44DB-AF5C-F26ABA93DBDC}.ReleaseNuGet|x64.Build.0 = Release|x64
		{4DFA7AD2-FCAE-44DB-AF5C-F26ABA93DBDC}.ReleaseNuGet|x86.ActiveCfg = Release|x86
		{4DFA7AD2-FCAE-44DB-AF5C-F26ABA93DBDC}.ReleaseNuGet|x86.Build.0 = Release|x86
		{58DA79DE-F30B-4068-BEE9-013C9360CD74}.Debug|Any CPU.ActiveCfg = Debug|Any CPU
		{58DA79DE-F30B-4068-BEE9-013C9360CD74}.Debug|Any CPU.Build.0 = Debug|Any CPU
		{58DA79DE-F30B-4068-BEE9-013C9360CD74}.Debug|x64.ActiveCfg = Debug|Any CPU
		{58DA79DE-F30B-4068-BEE9-013C9360CD74}.Debug|x64.Build.0 = Debug|Any CPU
		{58DA79DE-F30B-4068-BEE9-013C9360CD74}.Debug|x86.ActiveCfg = Debug|Any CPU
		{58DA79DE-F30B-4068-BEE9-013C9360CD74}.Debug|x86.Build.0 = Debug|Any CPU
		{58DA79DE-F30B-4068-BEE9-013C9360CD74}.Release|Any CPU.ActiveCfg = Release|Any CPU
		{58DA79DE-F30B-4068-BEE9-013C9360CD74}.Release|Any CPU.Build.0 = Release|Any CPU
		{58DA79DE-F30B-4068-BEE9-013C9360CD74}.Release|x64.ActiveCfg = Release|Any CPU
		{58DA79DE-F30B-4068-BEE9-013C9360CD74}.Release|x64.Build.0 = Release|Any CPU
		{58DA79DE-F30B-4068-BEE9-013C9360CD74}.Release|x86.ActiveCfg = Release|Any CPU
		{58DA79DE-F30B-4068-BEE9-013C9360CD74}.Release|x86.Build.0 = Release|Any CPU
		{58DA79DE-F30B-4068-BEE9-013C9360CD74}.ReleaseNuGet|Any CPU.ActiveCfg = Release|Any CPU
		{58DA79DE-F30B-4068-BEE9-013C9360CD74}.ReleaseNuGet|x64.ActiveCfg = Release|Any CPU
		{58DA79DE-F30B-4068-BEE9-013C9360CD74}.ReleaseNuGet|x64.Build.0 = Release|Any CPU
		{58DA79DE-F30B-4068-BEE9-013C9360CD74}.ReleaseNuGet|x86.ActiveCfg = Release|Any CPU
		{58DA79DE-F30B-4068-BEE9-013C9360CD74}.ReleaseNuGet|x86.Build.0 = Release|Any CPU
		{074BCD84-3E44-4140-9918-C09FCBEEC09F}.Debug|Any CPU.ActiveCfg = Debug|Any CPU
		{074BCD84-3E44-4140-9918-C09FCBEEC09F}.Debug|Any CPU.Build.0 = Debug|Any CPU
		{074BCD84-3E44-4140-9918-C09FCBEEC09F}.Debug|x64.ActiveCfg = Debug|Any CPU
		{074BCD84-3E44-4140-9918-C09FCBEEC09F}.Debug|x64.Build.0 = Debug|Any CPU
		{074BCD84-3E44-4140-9918-C09FCBEEC09F}.Debug|x86.ActiveCfg = Debug|Any CPU
		{074BCD84-3E44-4140-9918-C09FCBEEC09F}.Debug|x86.Build.0 = Debug|Any CPU
		{074BCD84-3E44-4140-9918-C09FCBEEC09F}.Release|Any CPU.ActiveCfg = Release|Any CPU
		{074BCD84-3E44-4140-9918-C09FCBEEC09F}.Release|Any CPU.Build.0 = Release|Any CPU
		{074BCD84-3E44-4140-9918-C09FCBEEC09F}.Release|x64.ActiveCfg = Release|Any CPU
		{074BCD84-3E44-4140-9918-C09FCBEEC09F}.Release|x64.Build.0 = Release|Any CPU
		{074BCD84-3E44-4140-9918-C09FCBEEC09F}.Release|x86.ActiveCfg = Release|Any CPU
		{074BCD84-3E44-4140-9918-C09FCBEEC09F}.Release|x86.Build.0 = Release|Any CPU
		{074BCD84-3E44-4140-9918-C09FCBEEC09F}.ReleaseNuGet|Any CPU.ActiveCfg = Release|Any CPU
		{074BCD84-3E44-4140-9918-C09FCBEEC09F}.ReleaseNuGet|Any CPU.Build.0 = Release|Any CPU
		{074BCD84-3E44-4140-9918-C09FCBEEC09F}.ReleaseNuGet|x64.ActiveCfg = Release|Any CPU
		{074BCD84-3E44-4140-9918-C09FCBEEC09F}.ReleaseNuGet|x64.Build.0 = Release|Any CPU
		{074BCD84-3E44-4140-9918-C09FCBEEC09F}.ReleaseNuGet|x86.ActiveCfg = Release|Any CPU
		{074BCD84-3E44-4140-9918-C09FCBEEC09F}.ReleaseNuGet|x86.Build.0 = Release|Any CPU
		{5176CF64-E00D-423F-9341-A8999A774B24}.Debug|Any CPU.ActiveCfg = Debug|Any CPU
		{5176CF64-E00D-423F-9341-A8999A774B24}.Debug|Any CPU.Build.0 = Debug|Any CPU
		{5176CF64-E00D-423F-9341-A8999A774B24}.Debug|x64.ActiveCfg = Debug|x64
		{5176CF64-E00D-423F-9341-A8999A774B24}.Debug|x64.Build.0 = Debug|x64
		{5176CF64-E00D-423F-9341-A8999A774B24}.Debug|x86.ActiveCfg = Debug|x86
		{5176CF64-E00D-423F-9341-A8999A774B24}.Debug|x86.Build.0 = Debug|x86
		{5176CF64-E00D-423F-9341-A8999A774B24}.Release|Any CPU.ActiveCfg = Release|Any CPU
		{5176CF64-E00D-423F-9341-A8999A774B24}.Release|Any CPU.Build.0 = Release|Any CPU
		{5176CF64-E00D-423F-9341-A8999A774B24}.Release|x64.ActiveCfg = Release|x64
		{5176CF64-E00D-423F-9341-A8999A774B24}.Release|x64.Build.0 = Release|x64
		{5176CF64-E00D-423F-9341-A8999A774B24}.Release|x86.ActiveCfg = Release|x86
		{5176CF64-E00D-423F-9341-A8999A774B24}.Release|x86.Build.0 = Release|x86
		{5176CF64-E00D-423F-9341-A8999A774B24}.ReleaseNuGet|Any CPU.ActiveCfg = Release|Any CPU
		{5176CF64-E00D-423F-9341-A8999A774B24}.ReleaseNuGet|Any CPU.Build.0 = Release|Any CPU
		{5176CF64-E00D-423F-9341-A8999A774B24}.ReleaseNuGet|x64.ActiveCfg = Release|x64
		{5176CF64-E00D-423F-9341-A8999A774B24}.ReleaseNuGet|x64.Build.0 = Release|x64
		{5176CF64-E00D-423F-9341-A8999A774B24}.ReleaseNuGet|x86.ActiveCfg = Release|x86
		{5176CF64-E00D-423F-9341-A8999A774B24}.ReleaseNuGet|x86.Build.0 = Release|x86
		{BA40A569-BEE2-4E39-80A7-763BC15A9077}.Debug|Any CPU.ActiveCfg = Debug|Any CPU
		{BA40A569-BEE2-4E39-80A7-763BC15A9077}.Debug|Any CPU.Build.0 = Debug|Any CPU
		{BA40A569-BEE2-4E39-80A7-763BC15A9077}.Debug|x64.ActiveCfg = Debug|x64
		{BA40A569-BEE2-4E39-80A7-763BC15A9077}.Debug|x64.Build.0 = Debug|x64
		{BA40A569-BEE2-4E39-80A7-763BC15A9077}.Debug|x86.ActiveCfg = Debug|x86
		{BA40A569-BEE2-4E39-80A7-763BC15A9077}.Debug|x86.Build.0 = Debug|x86
		{BA40A569-BEE2-4E39-80A7-763BC15A9077}.Release|Any CPU.ActiveCfg = Release|Any CPU
		{BA40A569-BEE2-4E39-80A7-763BC15A9077}.Release|Any CPU.Build.0 = Release|Any CPU
		{BA40A569-BEE2-4E39-80A7-763BC15A9077}.Release|x64.ActiveCfg = Release|x64
		{BA40A569-BEE2-4E39-80A7-763BC15A9077}.Release|x64.Build.0 = Release|x64
		{BA40A569-BEE2-4E39-80A7-763BC15A9077}.Release|x86.ActiveCfg = Release|x86
		{BA40A569-BEE2-4E39-80A7-763BC15A9077}.Release|x86.Build.0 = Release|x86
		{BA40A569-BEE2-4E39-80A7-763BC15A9077}.ReleaseNuGet|Any CPU.ActiveCfg = Release|Any CPU
		{BA40A569-BEE2-4E39-80A7-763BC15A9077}.ReleaseNuGet|Any CPU.Build.0 = Release|Any CPU
		{BA40A569-BEE2-4E39-80A7-763BC15A9077}.ReleaseNuGet|x64.ActiveCfg = Release|x64
		{BA40A569-BEE2-4E39-80A7-763BC15A9077}.ReleaseNuGet|x64.Build.0 = Release|x64
		{BA40A569-BEE2-4E39-80A7-763BC15A9077}.ReleaseNuGet|x86.ActiveCfg = Release|x86
		{BA40A569-BEE2-4E39-80A7-763BC15A9077}.ReleaseNuGet|x86.Build.0 = Release|x86
		{D240FC79-651F-4107-95EC-30702AE610DB}.Debug|Any CPU.ActiveCfg = Debug|Any CPU
		{D240FC79-651F-4107-95EC-30702AE610DB}.Debug|Any CPU.Build.0 = Debug|Any CPU
		{D240FC79-651F-4107-95EC-30702AE610DB}.Debug|x64.ActiveCfg = Debug|x64
		{D240FC79-651F-4107-95EC-30702AE610DB}.Debug|x64.Build.0 = Debug|x64
		{D240FC79-651F-4107-95EC-30702AE610DB}.Debug|x86.ActiveCfg = Debug|x86
		{D240FC79-651F-4107-95EC-30702AE610DB}.Debug|x86.Build.0 = Debug|x86
		{D240FC79-651F-4107-95EC-30702AE610DB}.Release|Any CPU.ActiveCfg = Release|Any CPU
		{D240FC79-651F-4107-95EC-30702AE610DB}.Release|Any CPU.Build.0 = Release|Any CPU
		{D240FC79-651F-4107-95EC-30702AE610DB}.Release|x64.ActiveCfg = Release|x64
		{D240FC79-651F-4107-95EC-30702AE610DB}.Release|x64.Build.0 = Release|x64
		{D240FC79-651F-4107-95EC-30702AE610DB}.Release|x86.ActiveCfg = Release|x86
		{D240FC79-651F-4107-95EC-30702AE610DB}.Release|x86.Build.0 = Release|x86
		{D240FC79-651F-4107-95EC-30702AE610DB}.ReleaseNuGet|Any CPU.ActiveCfg = Release|Any CPU
		{D240FC79-651F-4107-95EC-30702AE610DB}.ReleaseNuGet|Any CPU.Build.0 = Release|Any CPU
		{D240FC79-651F-4107-95EC-30702AE610DB}.ReleaseNuGet|x64.ActiveCfg = Release|x64
		{D240FC79-651F-4107-95EC-30702AE610DB}.ReleaseNuGet|x64.Build.0 = Release|x64
		{D240FC79-651F-4107-95EC-30702AE610DB}.ReleaseNuGet|x86.ActiveCfg = Release|x86
		{D240FC79-651F-4107-95EC-30702AE610DB}.ReleaseNuGet|x86.Build.0 = Release|x86
		{0C9A1AA9-F25F-41DF-AF57-7B7B3EBF13DA}.Debug|Any CPU.ActiveCfg = Debug|Any CPU
		{0C9A1AA9-F25F-41DF-AF57-7B7B3EBF13DA}.Debug|Any CPU.Build.0 = Debug|Any CPU
		{0C9A1AA9-F25F-41DF-AF57-7B7B3EBF13DA}.Debug|x64.ActiveCfg = Debug|Any CPU
		{0C9A1AA9-F25F-41DF-AF57-7B7B3EBF13DA}.Debug|x64.Build.0 = Debug|Any CPU
		{0C9A1AA9-F25F-41DF-AF57-7B7B3EBF13DA}.Debug|x86.ActiveCfg = Debug|Any CPU
		{0C9A1AA9-F25F-41DF-AF57-7B7B3EBF13DA}.Debug|x86.Build.0 = Debug|Any CPU
		{0C9A1AA9-F25F-41DF-AF57-7B7B3EBF13DA}.Release|Any CPU.ActiveCfg = Release|Any CPU
		{0C9A1AA9-F25F-41DF-AF57-7B7B3EBF13DA}.Release|Any CPU.Build.0 = Release|Any CPU
		{0C9A1AA9-F25F-41DF-AF57-7B7B3EBF13DA}.Release|x64.ActiveCfg = Release|Any CPU
		{0C9A1AA9-F25F-41DF-AF57-7B7B3EBF13DA}.Release|x64.Build.0 = Release|Any CPU
		{0C9A1AA9-F25F-41DF-AF57-7B7B3EBF13DA}.Release|x86.ActiveCfg = Release|Any CPU
		{0C9A1AA9-F25F-41DF-AF57-7B7B3EBF13DA}.Release|x86.Build.0 = Release|Any CPU
		{0C9A1AA9-F25F-41DF-AF57-7B7B3EBF13DA}.ReleaseNuGet|Any CPU.ActiveCfg = Release|Any CPU
		{0C9A1AA9-F25F-41DF-AF57-7B7B3EBF13DA}.ReleaseNuGet|Any CPU.Build.0 = Release|Any CPU
		{0C9A1AA9-F25F-41DF-AF57-7B7B3EBF13DA}.ReleaseNuGet|x64.ActiveCfg = Release|Any CPU
		{0C9A1AA9-F25F-41DF-AF57-7B7B3EBF13DA}.ReleaseNuGet|x64.Build.0 = Release|Any CPU
		{0C9A1AA9-F25F-41DF-AF57-7B7B3EBF13DA}.ReleaseNuGet|x86.ActiveCfg = Release|Any CPU
		{0C9A1AA9-F25F-41DF-AF57-7B7B3EBF13DA}.ReleaseNuGet|x86.Build.0 = Release|Any CPU
	EndGlobalSection
	GlobalSection(SolutionProperties) = preSolution
		HideSolutionNode = FALSE
	EndGlobalSection
	GlobalSection(TestCaseManagementSettings) = postSolution
		CategoryFile = StackExchange.Profiling.vsmdi
	EndGlobalSection
EndGlobal
