
Microsoft Visual Studio Solution File, Format Version 12.00
# Visual Studio 2013
VisualStudioVersion = 12.0.21005.1
MinimumVisualStudioVersion = 10.0.40219.1
Project("{2150E333-8FDC-42A3-9474-1A3956D46DE8}") = "Solution Items", "Solution Items", "{CC40098D-04F2-4F43-B5CF-B74F74351761}"
	ProjectSection(SolutionItems) = preProject
		MiniProfiler.EF.nuspec = MiniProfiler.EF.nuspec
		MiniProfiler.EF6.nuspec = MiniProfiler.EF6.nuspec
		MiniProfiler.MVC3.nuspec = MiniProfiler.MVC3.nuspec
		MiniProfiler.MVC4.nuspec = MiniProfiler.MVC4.nuspec
		MiniProfiler.nuspec = MiniProfiler.nuspec
	EndProjectSection
EndProject
Project("{2150E333-8FDC-42A3-9474-1A3956D46DE8}") = "MiniProfiler.MVC3", "MiniProfiler.MVC3", "{EAE04FE1-268F-46EF-ACB5-290408478EBC}"
	ProjectSection(SolutionItems) = preProject
		MiniProfiler.MVC3.Package\Content\Views\Shared\_MINIPROFILER UPDATED Layout.cshtml = MiniProfiler.MVC3.Package\Content\Views\Shared\_MINIPROFILER UPDATED Layout.cshtml
		MiniProfiler.MVC3.Package\tools\install.ps1 = MiniProfiler.MVC3.Package\tools\install.ps1
		MiniProfiler.MVC3.Package\Content\App_Start\MiniProfiler.cs.pp = MiniProfiler.MVC3.Package\Content\App_Start\MiniProfiler.cs.pp
	EndProjectSection
EndProject
Project("{FAE04EC0-301F-11D3-BF4B-00C04F79EFBC}") = "StackExchange.Profiling", "StackExchange.Profiling\StackExchange.Profiling.csproj", "{386222BD-6B6E-480F-A342-8DE1AB516E2C}"
EndProject
Project("{FAE04EC0-301F-11D3-BF4B-00C04F79EFBC}") = "Sample.Mvc", "Sample.Mvc\Sample.Mvc.csproj", "{5D54F88D-4C79-4EAB-B7B7-C8DE78F5DDA7}"
	ProjectSection(ProjectDependencies) = postProject
		{2DD1E352-3FFE-49F8-ADAB-65F3FECE75E6} = {2DD1E352-3FFE-49F8-ADAB-65F3FECE75E6}
	EndProjectSection
EndProject
Project("{FAE04EC0-301F-11D3-BF4B-00C04F79EFBC}") = "StackExchange.Profiling.Tests", "StackExchange.Profiling.Tests\StackExchange.Profiling.Tests.csproj", "{B4CA8022-257B-4893-97D8-76E05EBBAAB0}"
EndProject
Project("{FAE04EC0-301F-11D3-BF4B-00C04F79EFBC}") = "StackExchange.Profiling.EntityFramework", "StackExchange.Profiling.EntityFramework\StackExchange.Profiling.EntityFramework.csproj", "{7F18DC76-61A2-4E7D-BA5A-FE159E789362}"
EndProject
Project("{FAE04EC0-301F-11D3-BF4B-00C04F79EFBC}") = "StackExchange.Profiling.Wcf", "StackExchange.Profiling.Wcf\StackExchange.Profiling.Wcf.csproj", "{C471B0E5-0AE4-48E0-A938-02AEDA030C5E}"
EndProject
Project("{FAE04EC0-301F-11D3-BF4B-00C04F79EFBC}") = "Sample.Wcf", "Sample.Wcf\Sample.Wcf.csproj", "{2DD1E352-3FFE-49F8-ADAB-65F3FECE75E6}"
EndProject
Project("{FAE04EC0-301F-11D3-BF4B-00C04F79EFBC}") = "StackExchange.Profiling.EntityFramework6", "StackExchange.Profiling.EntityFramework6\StackExchange.Profiling.EntityFramework6.csproj", "{4DFA7AD2-FCAE-44DB-AF5C-F26ABA93DBDC}"
EndProject
Project("{FAE04EC0-301F-11D3-BF4B-00C04F79EFBC}") = "Sample.Console", "Sample.Console\Sample.Console.csproj", "{58DA79DE-F30B-4068-BEE9-013C9360CD74}"
EndProject
Project("{FAE04EC0-301F-11D3-BF4B-00C04F79EFBC}") = "StackExchange.Profiling.Mvc", "StackExchange.Profiling.Mvc\StackExchange.Profiling.Mvc.csproj", "{074BCD84-3E44-4140-9918-C09FCBEEC09F}"
EndProject
Project("{FAE04EC0-301F-11D3-BF4B-00C04F79EFBC}") = "StackExchange.Profiling.RavenDb", "StackExchange.Profiling.RavenDb\StackExchange.Profiling.RavenDb.csproj", "{5176CF64-E00D-423F-9341-A8999A774B24}"
EndProject
Global
	GlobalSection(SolutionConfigurationPlatforms) = preSolution
		Debug|Any CPU = Debug|Any CPU
		Release|Any CPU = Release|Any CPU
		ReleaseNuGet|Any CPU = ReleaseNuGet|Any CPU
	EndGlobalSection
	GlobalSection(ProjectConfigurationPlatforms) = postSolution
		{386222BD-6B6E-480F-A342-8DE1AB516E2C}.Debug|Any CPU.ActiveCfg = Debug|Any CPU
		{386222BD-6B6E-480F-A342-8DE1AB516E2C}.Debug|Any CPU.Build.0 = Debug|Any CPU
		{386222BD-6B6E-480F-A342-8DE1AB516E2C}.Release|Any CPU.ActiveCfg = Release|Any CPU
		{386222BD-6B6E-480F-A342-8DE1AB516E2C}.Release|Any CPU.Build.0 = Release|Any CPU
		{386222BD-6B6E-480F-A342-8DE1AB516E2C}.ReleaseNuGet|Any CPU.ActiveCfg = Release|Any CPU
		{386222BD-6B6E-480F-A342-8DE1AB516E2C}.ReleaseNuGet|Any CPU.Build.0 = Release|Any CPU
		{5D54F88D-4C79-4EAB-B7B7-C8DE78F5DDA7}.Debug|Any CPU.ActiveCfg = Debug|Any CPU
		{5D54F88D-4C79-4EAB-B7B7-C8DE78F5DDA7}.Debug|Any CPU.Build.0 = Debug|Any CPU
		{5D54F88D-4C79-4EAB-B7B7-C8DE78F5DDA7}.Release|Any CPU.ActiveCfg = Release|Any CPU
		{5D54F88D-4C79-4EAB-B7B7-C8DE78F5DDA7}.Release|Any CPU.Build.0 = Release|Any CPU
		{5D54F88D-4C79-4EAB-B7B7-C8DE78F5DDA7}.ReleaseNuGet|Any CPU.ActiveCfg = Release|Any CPU
		{B4CA8022-257B-4893-97D8-76E05EBBAAB0}.Debug|Any CPU.ActiveCfg = Debug|Any CPU
		{B4CA8022-257B-4893-97D8-76E05EBBAAB0}.Debug|Any CPU.Build.0 = Debug|Any CPU
		{B4CA8022-257B-4893-97D8-76E05EBBAAB0}.Release|Any CPU.ActiveCfg = Release|Any CPU
		{B4CA8022-257B-4893-97D8-76E05EBBAAB0}.Release|Any CPU.Build.0 = Release|Any CPU
		{B4CA8022-257B-4893-97D8-76E05EBBAAB0}.ReleaseNuGet|Any CPU.ActiveCfg = Release|Any CPU
		{7F18DC76-61A2-4E7D-BA5A-FE159E789362}.Debug|Any CPU.ActiveCfg = Debug|Any CPU
		{7F18DC76-61A2-4E7D-BA5A-FE159E789362}.Debug|Any CPU.Build.0 = Debug|Any CPU
		{7F18DC76-61A2-4E7D-BA5A-FE159E789362}.Release|Any CPU.ActiveCfg = Release|Any CPU
		{7F18DC76-61A2-4E7D-BA5A-FE159E789362}.Release|Any CPU.Build.0 = Release|Any CPU
		{7F18DC76-61A2-4E7D-BA5A-FE159E789362}.ReleaseNuGet|Any CPU.ActiveCfg = Release|Any CPU
		{C471B0E5-0AE4-48E0-A938-02AEDA030C5E}.Debug|Any CPU.ActiveCfg = Debug|Any CPU
		{C471B0E5-0AE4-48E0-A938-02AEDA030C5E}.Debug|Any CPU.Build.0 = Debug|Any CPU
		{C471B0E5-0AE4-48E0-A938-02AEDA030C5E}.Release|Any CPU.ActiveCfg = Release|Any CPU
		{C471B0E5-0AE4-48E0-A938-02AEDA030C5E}.Release|Any CPU.Build.0 = Release|Any CPU
		{C471B0E5-0AE4-48E0-A938-02AEDA030C5E}.ReleaseNuGet|Any CPU.ActiveCfg = Release|Any CPU
		{2DD1E352-3FFE-49F8-ADAB-65F3FECE75E6}.Debug|Any CPU.ActiveCfg = Debug|Any CPU
		{2DD1E352-3FFE-49F8-ADAB-65F3FECE75E6}.Debug|Any CPU.Build.0 = Debug|Any CPU
		{2DD1E352-3FFE-49F8-ADAB-65F3FECE75E6}.Release|Any CPU.ActiveCfg = Release|Any CPU
		{2DD1E352-3FFE-49F8-ADAB-65F3FECE75E6}.Release|Any CPU.Build.0 = Release|Any CPU
		{2DD1E352-3FFE-49F8-ADAB-65F3FECE75E6}.ReleaseNuGet|Any CPU.ActiveCfg = Release|Any CPU
		{4DFA7AD2-FCAE-44DB-AF5C-F26ABA93DBDC}.Debug|Any CPU.ActiveCfg = Debug|Any CPU
		{4DFA7AD2-FCAE-44DB-AF5C-F26ABA93DBDC}.Debug|Any CPU.Build.0 = Debug|Any CPU
		{4DFA7AD2-FCAE-44DB-AF5C-F26ABA93DBDC}.Release|Any CPU.ActiveCfg = Release|Any CPU
		{4DFA7AD2-FCAE-44DB-AF5C-F26ABA93DBDC}.Release|Any CPU.Build.0 = Release|Any CPU
		{4DFA7AD2-FCAE-44DB-AF5C-F26ABA93DBDC}.ReleaseNuGet|Any CPU.ActiveCfg = Release|Any CPU
		{58DA79DE-F30B-4068-BEE9-013C9360CD74}.Debug|Any CPU.ActiveCfg = Debug|Any CPU
		{58DA79DE-F30B-4068-BEE9-013C9360CD74}.Debug|Any CPU.Build.0 = Debug|Any CPU
		{58DA79DE-F30B-4068-BEE9-013C9360CD74}.Release|Any CPU.ActiveCfg = Release|Any CPU
		{58DA79DE-F30B-4068-BEE9-013C9360CD74}.Release|Any CPU.Build.0 = Release|Any CPU
		{58DA79DE-F30B-4068-BEE9-013C9360CD74}.ReleaseNuGet|Any CPU.ActiveCfg = Release|Any CPU
		{074BCD84-3E44-4140-9918-C09FCBEEC09F}.Debug|Any CPU.ActiveCfg = Debug|Any CPU
		{074BCD84-3E44-4140-9918-C09FCBEEC09F}.Debug|Any CPU.Build.0 = Debug|Any CPU
		{074BCD84-3E44-4140-9918-C09FCBEEC09F}.Release|Any CPU.ActiveCfg = Release|Any CPU
		{074BCD84-3E44-4140-9918-C09FCBEEC09F}.Release|Any CPU.Build.0 = Release|Any CPU
		{074BCD84-3E44-4140-9918-C09FCBEEC09F}.ReleaseNuGet|Any CPU.ActiveCfg = Release|Any CPU
		{074BCD84-3E44-4140-9918-C09FCBEEC09F}.ReleaseNuGet|Any CPU.Build.0 = Release|Any CPU
		{5176CF64-E00D-423F-9341-A8999A774B24}.Debug|Any CPU.ActiveCfg = Debug|Any CPU
		{5176CF64-E00D-423F-9341-A8999A774B24}.Debug|Any CPU.Build.0 = Debug|Any CPU
		{5176CF64-E00D-423F-9341-A8999A774B24}.Release|Any CPU.ActiveCfg = Release|Any CPU
		{5176CF64-E00D-423F-9341-A8999A774B24}.Release|Any CPU.Build.0 = Release|Any CPU
		{5176CF64-E00D-423F-9341-A8999A774B24}.ReleaseNuGet|Any CPU.ActiveCfg = Release|Any CPU
		{5176CF64-E00D-423F-9341-A8999A774B24}.ReleaseNuGet|Any CPU.Build.0 = Release|Any CPU
	EndGlobalSection
	GlobalSection(SolutionProperties) = preSolution
		HideSolutionNode = FALSE
	EndGlobalSection
	GlobalSection(NestedProjects) = preSolution
		{EAE04FE1-268F-46EF-ACB5-290408478EBC} = {CC40098D-04F2-4F43-B5CF-B74F74351761}
	EndGlobalSection
	GlobalSection(TestCaseManagementSettings) = postSolution
		CategoryFile = StackExchange.Profiling.vsmdi
	EndGlobalSection
EndGlobal
