
Microsoft Visual Studio Solution File, Format Version 11.00
# Visual Studio 2010
Project("{2150E333-8FDC-42A3-9474-1A3956D46DE8}") = "Solution Items", "Solution Items", "{CC40098D-04F2-4F43-B5CF-B74F74351761}"
	ProjectSection(SolutionItems) = preProject
		MiniProfiler.EF.nuspec = MiniProfiler.EF.nuspec
		MvcMiniProfiler.MVC3.Package\MiniProfiler.MVC3.nuspec = MvcMiniProfiler.MVC3.Package\MiniProfiler.MVC3.nuspec
		MiniProfiler.nuspec = MiniProfiler.nuspec
	EndProjectSection
EndProject
Project("{FAE04EC0-301F-11D3-BF4B-00C04F79EFBC}") = "MvcMiniProfiler", "MvcMiniProfiler\MvcMiniProfiler.csproj", "{386222BD-6B6E-480F-A342-8DE1AB516E2C}"
EndProject
Project("{FAE04EC0-301F-11D3-BF4B-00C04F79EFBC}") = "Sample.WebForms", "Sample.WebForms\Sample.WebForms.csproj", "{50A89C9B-7335-4626-B552-272CE56DC72E}"
EndProject
Project("{FAE04EC0-301F-11D3-BF4B-00C04F79EFBC}") = "Sample.Mvc", "Sample.Mvc\Sample.Mvc.csproj", "{5D54F88D-4C79-4EAB-B7B7-C8DE78F5DDA7}"
EndProject
Project("{FAE04EC0-301F-11D3-BF4B-00C04F79EFBC}") = "MvcMiniProfiler.Tests", "MvcMiniProfiler.Tests\MvcMiniProfiler.Tests.csproj", "{B4CA8022-257B-4893-97D8-76E05EBBAAB0}"
EndProject
Project("{FAE04EC0-301F-11D3-BF4B-00C04F79EFBC}") = "MvcMiniProfiler.EntityFramework", "MvcMiniProfiler.EntityFramework\MvcMiniProfiler.EntityFramework.csproj", "{7F18DC76-61A2-4E7D-BA5A-FE159E789362}"
EndProject
Global
	GlobalSection(TestCaseManagementSettings) = postSolution
		CategoryFile = MvcMiniProfiler.vsmdi
	EndGlobalSection
	GlobalSection(SolutionConfigurationPlatforms) = preSolution
		Debug|Any CPU = Debug|Any CPU
		Release|Any CPU = Release|Any CPU
	EndGlobalSection
	GlobalSection(ProjectConfigurationPlatforms) = postSolution
		{386222BD-6B6E-480F-A342-8DE1AB516E2C}.Debug|Any CPU.ActiveCfg = Debug|Any CPU
		{386222BD-6B6E-480F-A342-8DE1AB516E2C}.Debug|Any CPU.Build.0 = Debug|Any CPU
		{386222BD-6B6E-480F-A342-8DE1AB516E2C}.Release|Any CPU.ActiveCfg = Release|Any CPU
		{386222BD-6B6E-480F-A342-8DE1AB516E2C}.Release|Any CPU.Build.0 = Release|Any CPU
		{50A89C9B-7335-4626-B552-272CE56DC72E}.Debug|Any CPU.ActiveCfg = Debug|Any CPU
		{50A89C9B-7335-4626-B552-272CE56DC72E}.Debug|Any CPU.Build.0 = Debug|Any CPU
		{50A89C9B-7335-4626-B552-272CE56DC72E}.Release|Any CPU.ActiveCfg = Release|Any CPU
		{50A89C9B-7335-4626-B552-272CE56DC72E}.Release|Any CPU.Build.0 = Release|Any CPU
		{5D54F88D-4C79-4EAB-B7B7-C8DE78F5DDA7}.Debug|Any CPU.ActiveCfg = Debug|Any CPU
		{5D54F88D-4C79-4EAB-B7B7-C8DE78F5DDA7}.Debug|Any CPU.Build.0 = Debug|Any CPU
		{5D54F88D-4C79-4EAB-B7B7-C8DE78F5DDA7}.Release|Any CPU.ActiveCfg = Release|Any CPU
		{5D54F88D-4C79-4EAB-B7B7-C8DE78F5DDA7}.Release|Any CPU.Build.0 = Release|Any CPU
		{B4CA8022-257B-4893-97D8-76E05EBBAAB0}.Debug|Any CPU.ActiveCfg = Debug|Any CPU
		{B4CA8022-257B-4893-97D8-76E05EBBAAB0}.Debug|Any CPU.Build.0 = Debug|Any CPU
		{B4CA8022-257B-4893-97D8-76E05EBBAAB0}.Release|Any CPU.ActiveCfg = Release|Any CPU
		{B4CA8022-257B-4893-97D8-76E05EBBAAB0}.Release|Any CPU.Build.0 = Release|Any CPU
		{7F18DC76-61A2-4E7D-BA5A-FE159E789362}.Debug|Any CPU.ActiveCfg = Debug|Any CPU
		{7F18DC76-61A2-4E7D-BA5A-FE159E789362}.Debug|Any CPU.Build.0 = Debug|Any CPU
		{7F18DC76-61A2-4E7D-BA5A-FE159E789362}.Release|Any CPU.ActiveCfg = Release|Any CPU
		{7F18DC76-61A2-4E7D-BA5A-FE159E789362}.Release|Any CPU.Build.0 = Release|Any CPU
	EndGlobalSection
	GlobalSection(SolutionProperties) = preSolution
		HideSolutionNode = FALSE
	EndGlobalSection
EndGlobal
